Microsoft Visual Studio Solution File, Format Version 11.00
# Visual Studio 2008

Project("{8BEAFC77-B494-2970-565A-268DA5520D0B}") = "ProjectRaceUltimate", "Assembly-CSharp-firstpass.csproj", "{8BA4FEFD-6E2F-DFFF-BC43-991286A1AE79}"
EndProject
Project("{8BEAFC77-B494-2970-565A-268DA5520D0B}") = "ProjectRaceUltimate", "Assembly-CSharp.csproj", "{7FB03419-0367-997F-B0BC-0CE9DA6B6150}"
EndProject
Project("{8BEAFC77-B494-2970-565A-268DA5520D0B}") = "ProjectRaceUltimate", "Assembly-CSharp-Editor.csproj", "{3D4A7E42-7BF6-CD9E-23F5-7DDC2A5B1CF7}"
EndProject
Global
	GlobalSection(SolutionConfigurationPlatforms) = preSolution
		Debug|Any CPU = Debug|Any CPU
		Release|Any CPU = Release|Any CPU
	EndGlobalSection
	GlobalSection(ProjectConfigurationPlatforms) = postSolution
		{8BA4FEFD-6E2F-DFFF-BC43-991286A1AE79}.Debug|Any CPU.ActiveCfg = Debug|Any CPU
		{8BA4FEFD-6E2F-DFFF-BC43-991286A1AE79}.Debug|Any CPU.Build.0 = Debug|Any CPU
		{8BA4FEFD-6E2F-DFFF-BC43-991286A1AE79}.Release|Any CPU.ActiveCfg = Release|Any CPU
		{8BA4FEFD-6E2F-DFFF-BC43-991286A1AE79}.Release|Any CPU.Build.0 = Release|Any CPU
		{7FB03419-0367-997F-B0BC-0CE9DA6B6150}.Debug|Any CPU.ActiveCfg = Debug|Any CPU
		{7FB03419-0367-997F-B0BC-0CE9DA6B6150}.Debug|Any CPU.Build.0 = Debug|Any CPU
		{7FB03419-0367-997F-B0BC-0CE9DA6B6150}.Release|Any CPU.ActiveCfg = Release|Any CPU
		{7FB03419-0367-997F-B0BC-0CE9DA6B6150}.Release|Any CPU.Build.0 = Release|Any CPU
		{3D4A7E42-7BF6-CD9E-23F5-7DDC2A5B1CF7}.Debug|Any CPU.ActiveCfg = Debug|Any CPU
		{3D4A7E42-7BF6-CD9E-23F5-7DDC2A5B1CF7}.Debug|Any CPU.Build.0 = Debug|Any CPU
		{3D4A7E42-7BF6-CD9E-23F5-7DDC2A5B1CF7}.Release|Any CPU.ActiveCfg = Release|Any CPU
		{3D4A7E42-7BF6-CD9E-23F5-7DDC2A5B1CF7}.Release|Any CPU.Build.0 = Release|Any CPU
	EndGlobalSection
	GlobalSection(SolutionProperties) = preSolution
		HideSolutionNode = FALSE
	EndGlobalSection
																																																													GlobalSection(MonoDevelopProperties) = preSolution
		StartupItem = Assembly-CSharp.csproj
		Policies = $0
		$0.TextStylePolicy = $1
		$1.inheritsSet = null
		$1.scope = text/x-csharp
		$0.CSharpFormattingPolicy = $2
		$2.inheritsSet = Mono
		$2.inheritsScope = text/x-csharp
		$2.scope = text/x-csharp
		$0.TextStylePolicy = $3
		$3.FileWidth = 120
		$3.TabWidth = 4
		$3.IndentWidth = 4
		$3.EolMarker = Unix
		$3.inheritsSet = Mono
		$3.inheritsScope = text/plain
		$3.scope = text/plain
	EndGlobalSection

EndGlobal
